
Microsoft Visual Studio Solution File, Format Version 12.00
# Visual Studio 15
VisualStudioVersion = 15.0.27130.2036
MinimumVisualStudioVersion = 10.0.40219.1
Project("{FAE04EC0-301F-11D3-BF4B-00C04F79EFBC}") = "WebTaskManager", "WebTaskManager\WebTaskManager.csproj", "{648C0FF1-70F1-41B2-AC7D-D23FA5828112}"
EndProject
Global
	GlobalSection(SolutionConfigurationPlatforms) = preSolution
		Debug|Any CPU = Debug|Any CPU
		Release|Any CPU = Release|Any CPU
	EndGlobalSection
	GlobalSection(ProjectConfigurationPlatforms) = postSolution
		{648C0FF1-70F1-41B2-AC7D-D23FA5828112}.Debug|Any CPU.ActiveCfg = Debug|Any CPU
		{648C0FF1-70F1-41B2-AC7D-D23FA5828112}.Debug|Any CPU.Build.0 = Debug|Any CPU
		{648C0FF1-70F1-41B2-AC7D-D23FA5828112}.Release|Any CPU.ActiveCfg = Release|Any CPU
		{648C0FF1-70F1-41B2-AC7D-D23FA5828112}.Release|Any CPU.Build.0 = Release|Any CPU
	EndGlobalSection
	GlobalSection(SolutionProperties) = preSolution
		HideSolutionNode = FALSE
	EndGlobalSection
	GlobalSection(ExtensibilityGlobals) = postSolution
		SolutionGuid = {D87DA46C-996E-475F-9B40-6203280F68E2}
	EndGlobalSection
EndGlobal
